
Microsoft Visual Studio Solution File, Format Version 12.00
# Visual Studio 14
VisualStudioVersion = 14.0.24720.0
MinimumVisualStudioVersion = 10.0.40219.1
Project("{2150E333-8FDC-42A3-9474-1A3956D46DE8}") = "src", "src", "{A2B796BA-A128-422E-98B2-C9C6E4182ED2}"
EndProject
Project("{2150E333-8FDC-42A3-9474-1A3956D46DE8}") = "Solution Items", "Solution Items", "{E7DB68DD-D94F-48E7-9E3D-90F60E2BB115}"
	ProjectSection(SolutionItems) = preProject
		global.json = global.json
	EndProjectSection
EndProject
Project("{8BB2217D-0F2D-49D1-97BC-3654ED321F3B}") = "TestDemo", "src\TestDemo\TestDemo.xproj", "{46EA7C00-D8C3-4ADE-8A2B-C5CB8357628C}"
EndProject
Global
	GlobalSection(SolutionConfigurationPlatforms) = preSolution
		Debug|Any CPU = Debug|Any CPU
		Release|Any CPU = Release|Any CPU
	EndGlobalSection
	GlobalSection(ProjectConfigurationPlatforms) = postSolution
		{46EA7C00-D8C3-4ADE-8A2B-C5CB8357628C}.Debug|Any CPU.ActiveCfg = Debug|Any CPU
		{46EA7C00-D8C3-4ADE-8A2B-C5CB8357628C}.Debug|Any CPU.Build.0 = Debug|Any CPU
		{46EA7C00-D8C3-4ADE-8A2B-C5CB8357628C}.Release|Any CPU.ActiveCfg = Release|Any CPU
		{46EA7C00-D8C3-4ADE-8A2B-C5CB8357628C}.Release|Any CPU.Build.0 = Release|Any CPU
	EndGlobalSection
	GlobalSection(SolutionProperties) = preSolution
		HideSolutionNode = FALSE
	EndGlobalSection
	GlobalSection(NestedProjects) = preSolution
		{46EA7C00-D8C3-4ADE-8A2B-C5CB8357628C} = {A2B796BA-A128-422E-98B2-C9C6E4182ED2}
	EndGlobalSection
EndGlobal
